
Microsoft Visual Studio Solution File, Format Version 12.00
# Visual Studio Version 16
VisualStudioVersion = 16.0.30907.101
MinimumVisualStudioVersion = 10.0.40219.1
Project("{9A19103F-16F7-4668-BE54-9A1E7A4F7556}") = "MarsRovers.Business", "MarsRovers.Business\MarsRovers.Business.csproj", "{E66ACB41-2B9E-451F-A329-019B8861229B}"
EndProject
Project("{9A19103F-16F7-4668-BE54-9A1E7A4F7556}") = "MarsRovers.App", "MarsRovers.App\MarsRovers.App.csproj", "{BEC5FA50-D295-4BAA-8151-C807F69223EC}"
EndProject
Project("{9A19103F-16F7-4668-BE54-9A1E7A4F7556}") = "MarsRovers.Core", "MarsRovers.Core\MarsRovers.Core.csproj", "{7949B5CC-A85C-4952-A4B2-955CC148372B}"
EndProject
Project("{9A19103F-16F7-4668-BE54-9A1E7A4F7556}") = "MarsRovers.Tests", "MarsRovers.Tests\MarsRovers.Tests.csproj", "{9F102966-2C62-4E8D-ABE8-C5BC515F0A7F}"
EndProject
Global
	GlobalSection(SolutionConfigurationPlatforms) = preSolution
		Debug|Any CPU = Debug|Any CPU
		Release|Any CPU = Release|Any CPU
	EndGlobalSection
	GlobalSection(ProjectConfigurationPlatforms) = postSolution
		{E66ACB41-2B9E-451F-A329-019B8861229B}.Debug|Any CPU.ActiveCfg = Debug|Any CPU
		{E66ACB41-2B9E-451F-A329-019B8861229B}.Debug|Any CPU.Build.0 = Debug|Any CPU
		{E66ACB41-2B9E-451F-A329-019B8861229B}.Release|Any CPU.ActiveCfg = Release|Any CPU
		{E66ACB41-2B9E-451F-A329-019B8861229B}.Release|Any CPU.Build.0 = Release|Any CPU
		{BEC5FA50-D295-4BAA-8151-C807F69223EC}.Debug|Any CPU.ActiveCfg = Debug|Any CPU
		{BEC5FA50-D295-4BAA-8151-C807F69223EC}.Debug|Any CPU.Build.0 = Debug|Any CPU
		{BEC5FA50-D295-4BAA-8151-C807F69223EC}.Release|Any CPU.ActiveCfg = Release|Any CPU
		{BEC5FA50-D295-4BAA-8151-C807F69223EC}.Release|Any CPU.Build.0 = Release|Any CPU
		{7949B5CC-A85C-4952-A4B2-955CC148372B}.Debug|Any CPU.ActiveCfg = Debug|Any CPU
		{7949B5CC-A85C-4952-A4B2-955CC148372B}.Debug|Any CPU.Build.0 = Debug|Any CPU
		{7949B5CC-A85C-4952-A4B2-955CC148372B}.Release|Any CPU.ActiveCfg = Release|Any CPU
		{7949B5CC-A85C-4952-A4B2-955CC148372B}.Release|Any CPU.Build.0 = Release|Any CPU
		{9F102966-2C62-4E8D-ABE8-C5BC515F0A7F}.Debug|Any CPU.ActiveCfg = Debug|Any CPU
		{9F102966-2C62-4E8D-ABE8-C5BC515F0A7F}.Debug|Any CPU.Build.0 = Debug|Any CPU
		{9F102966-2C62-4E8D-ABE8-C5BC515F0A7F}.Release|Any CPU.ActiveCfg = Release|Any CPU
		{9F102966-2C62-4E8D-ABE8-C5BC515F0A7F}.Release|Any CPU.Build.0 = Release|Any CPU
	EndGlobalSection
	GlobalSection(SolutionProperties) = preSolution
		HideSolutionNode = FALSE
	EndGlobalSection
	GlobalSection(ExtensibilityGlobals) = postSolution
		SolutionGuid = {A4C38465-1CF6-4C9C-A115-6C895A91DCCB}
	EndGlobalSection
EndGlobal
